
Microsoft Visual Studio Solution File, Format Version 12.00
# Visual Studio 2012
Project("{FAE04EC0-301F-11D3-BF4B-00C04F79EFBC}") = "SoulBind", "SoulBind\SoulBind.csproj", "{56540BB4-9FB5-44B9-9B79-814FFD092063}"
EndProject
Project("{FAE04EC0-301F-11D3-BF4B-00C04F79EFBC}") = "SoulBind.Tests", "SoulBind.Tests\SoulBind.Tests.csproj", "{7C16375A-9E84-4DCC-AF90-772E42114A19}"
EndProject
Global
	GlobalSection(SolutionConfigurationPlatforms) = preSolution
		Debug|Any CPU = Debug|Any CPU
		Release|Any CPU = Release|Any CPU
	EndGlobalSection
	GlobalSection(ProjectConfigurationPlatforms) = postSolution
		{56540BB4-9FB5-44B9-9B79-814FFD092063}.Debug|Any CPU.ActiveCfg = Debug|Any CPU
		{56540BB4-9FB5-44B9-9B79-814FFD092063}.Debug|Any CPU.Build.0 = Debug|Any CPU
		{56540BB4-9FB5-44B9-9B79-814FFD092063}.Release|Any CPU.ActiveCfg = Release|Any CPU
		{56540BB4-9FB5-44B9-9B79-814FFD092063}.Release|Any CPU.Build.0 = Release|Any CPU
		{7C16375A-9E84-4DCC-AF90-772E42114A19}.Debug|Any CPU.ActiveCfg = Debug|Any CPU
		{7C16375A-9E84-4DCC-AF90-772E42114A19}.Debug|Any CPU.Build.0 = Debug|Any CPU
		{7C16375A-9E84-4DCC-AF90-772E42114A19}.Release|Any CPU.ActiveCfg = Release|Any CPU
		{7C16375A-9E84-4DCC-AF90-772E42114A19}.Release|Any CPU.Build.0 = Release|Any CPU
	EndGlobalSection
	GlobalSection(SolutionProperties) = preSolution
		HideSolutionNode = FALSE
	EndGlobalSection
EndGlobal
